
Microsoft Visual Studio Solution File, Format Version 12.00
# Visual Studio Version 16
VisualStudioVersion = 16.0.32106.194
MinimumVisualStudioVersion = 10.0.40219.1
Project("{FAE04EC0-301F-11D3-BF4B-00C04F79EFBC}") = "B_Validation_ByDataErrorInfo", "B_Validation_ByDataErrorInfo.csproj", "{44AC266A-C39A-4769-843C-01264FCB0348}"
EndProject
Global
	GlobalSection(SolutionConfigurationPlatforms) = preSolution
		Debug|Any CPU = Debug|Any CPU
		Release|Any CPU = Release|Any CPU
	EndGlobalSection
	GlobalSection(ProjectConfigurationPlatforms) = postSolution
		{44AC266A-C39A-4769-843C-01264FCB0348}.Debug|Any CPU.ActiveCfg = Debug|Any CPU
		{44AC266A-C39A-4769-843C-01264FCB0348}.Debug|Any CPU.Build.0 = Debug|Any CPU
		{44AC266A-C39A-4769-843C-01264FCB0348}.Release|Any CPU.ActiveCfg = Release|Any CPU
		{44AC266A-C39A-4769-843C-01264FCB0348}.Release|Any CPU.Build.0 = Release|Any CPU
	EndGlobalSection
	GlobalSection(SolutionProperties) = preSolution
		HideSolutionNode = FALSE
	EndGlobalSection
	GlobalSection(ExtensibilityGlobals) = postSolution
		SolutionGuid = {F8E83EC3-A208-4E4A-823A-0A16D792D16A}
	EndGlobalSection
EndGlobal
